
Microsoft Visual Studio Solution File, Format Version 12.00
# Visual Studio Version 17
VisualStudioVersion = 17.11.35219.272
MinimumVisualStudioVersion = 10.0.40219.1
Project("{FAE04EC0-301F-11D3-BF4B-00C04F79EFBC}") = "Lab1_ASPNetConnectedMode", "Lab1_ASPNetConnectedMode\Lab1_ASPNetConnectedMode.csproj", "{AFBEB119-E470-4E8E-8452-6B0EA03FB407}"
EndProject
Global
	GlobalSection(SolutionConfigurationPlatforms) = preSolution
		Debug|Any CPU = Debug|Any CPU
		Release|Any CPU = Release|Any CPU
	EndGlobalSection
	GlobalSection(ProjectConfigurationPlatforms) = postSolution
		{AFBEB119-E470-4E8E-8452-6B0EA03FB407}.Debug|Any CPU.ActiveCfg = Debug|Any CPU
		{AFBEB119-E470-4E8E-8452-6B0EA03FB407}.Debug|Any CPU.Build.0 = Debug|Any CPU
		{AFBEB119-E470-4E8E-8452-6B0EA03FB407}.Release|Any CPU.ActiveCfg = Release|Any CPU
		{AFBEB119-E470-4E8E-8452-6B0EA03FB407}.Release|Any CPU.Build.0 = Release|Any CPU
	EndGlobalSection
	GlobalSection(SolutionProperties) = preSolution
		HideSolutionNode = FALSE
	EndGlobalSection
	GlobalSection(ExtensibilityGlobals) = postSolution
		SolutionGuid = {19B7CBFD-7201-4CBC-8716-1393823A5842}
	EndGlobalSection
EndGlobal
